// !$*UTF8*$!
{
	archiveVersion = 1;
	classes = {
	};
	objectVersion = 50;
	objects = {

/* Begin PBXBuildFile section */
		CE10608021CBF5F200A00451 /* InfoViewController.swift in Sources */ = {isa = PBXBuildFile; fileRef = CE10607F21CBF5F200A00451 /* InfoViewController.swift */; };
		CE358D8F21C80A5F00F5542D /* AppDelegate.swift in Sources */ = {isa = PBXBuildFile; fileRef = CE358D8E21C80A5F00F5542D /* AppDelegate.swift */; };
		CE358D9121C80A5F00F5542D /* GameViewController.swift in Sources */ = {isa = PBXBuildFile; fileRef = CE358D9021C80A5F00F5542D /* GameViewController.swift */; };
		CE358D9621C80A6600F5542D /* Assets.xcassets in Resources */ = {isa = PBXBuildFile; fileRef = CE358D9521C80A6600F5542D /* Assets.xcassets */; };
		CE358D9921C80A6600F5542D /* LaunchScreen.storyboard in Resources */ = {isa = PBXBuildFile; fileRef = CE358D9721C80A6600F5542D /* LaunchScreen.storyboard */; };
		CEFE741A21E7CB5B00EADEED /* Main.storyboard in Resources */ = {isa = PBXBuildFile; fileRef = CE358D9221C80A5F00F5542D /* Main.storyboard */; };
/* End PBXBuildFile section */

/* Begin PBXFileReference section */
		CE10607F21CBF5F200A00451 /* InfoViewController.swift */ = {isa = PBXFileReference; lastKnownFileType = sourcecode.swift; path = InfoViewController.swift; sourceTree = "<group>"; };
		CE358D8B21C80A5F00F5542D /* Hitme.app */ = {isa = PBXFileReference; explicitFileType = wrapper.application; includeInIndex = 0; path = Hitme.app; sourceTree = BUILT_PRODUCTS_DIR; };
		CE358D8E21C80A5F00F5542D /* AppDelegate.swift */ = {isa = PBXFileReference; lastKnownFileType = sourcecode.swift; path = AppDelegate.swift; sourceTree = "<group>"; };
		CE358D9021C80A5F00F5542D /* GameViewController.swift */ = {isa = PBXFileReference; lastKnownFileType = sourcecode.swift; path = GameViewController.swift; sourceTree = "<group>"; };
		CE358D9321C80A5F00F5542D /* Base */ = {isa = PBXFileReference; lastKnownFileType = file.storyboard; name = Base; path = Base.lproj/Main.storyboard; sourceTree = "<group>"; };
		CE358D9521C80A6600F5542D /* Assets.xcassets */ = {isa = PBXFileReference; lastKnownFileType = folder.assetcatalog; path = Assets.xcassets; sourceTree = "<group>"; };
		CE358D9821C80A6600F5542D /* Base */ = {isa = PBXFileReference; lastKnownFileType = file.storyboard; name = Base; path = Base.lproj/LaunchScreen.storyboard; sourceTree = "<group>"; };
		CE358D9A21C80A6600F5542D /* Info.plist */ = {isa = PBXFileReference; lastKnownFileType = text.plist.xml; path = Info.plist; sourceTree = "<group>"; };
/* End PBXFileReference section */

/* Begin PBXFrameworksBuildPhase section */
		CE358D8821C80A5F00F5542D /* Frameworks */ = {
			isa = PBXFrameworksBuildPhase;
			buildActionMask = 2147483647;
			files = (
			);
			runOnlyForDeploymentPostprocessing = 0;
		};
/* End PBXFrameworksBuildPhase section */

/* Begin PBXGroup section */
		CE358D8221C80A5F00F5542D = {
			isa = PBXGroup;
			children = (
				CE358D8D21C80A5F00F5542D /* Hitme */,
				CE358D8C21C80A5F00F5542D /* Products */,
			);
			sourceTree = "<group>";
		};
		CE358D8C21C80A5F00F5542D /* Products */ = {
			isa = PBXGroup;
			children = (
				CE358D8B21C80A5F00F5542D /* Hitme.app */,
			);
			name = Products;
			sourceTree = "<group>";
		};
		CE358D8D21C80A5F00F5542D /* Hitme */ = {
			isa = PBXGroup;
			children = (
				CE358D8E21C80A5F00F5542D /* AppDelegate.swift */,
				CE358D9021C80A5F00F5542D /* GameViewController.swift */,
				CE358D9221C80A5F00F5542D /* Main.storyboard */,
				CE10607F21CBF5F200A00451 /* InfoViewController.swift */,
				CE358D9521C80A6600F5542D /* Assets.xcassets */,
				CE358D9721C80A6600F5542D /* LaunchScreen.storyboard */,
				CE358D9A21C80A6600F5542D /* Info.plist */,
			);
			path = Hitme;
			sourceTree = "<group>";
		};
/* End PBXGroup section */

/* Begin PBXNativeTarget section */
		CE358D8A21C80A5F00F5542D /* Hitme */ = {
			isa = PBXNativeTarget;
			buildConfigurationList = CE358D9D21C80A6600F5542D /* Build configuration list for PBXNativeTarget "Hitme" */;
			buildPhases = (
				CE358D8721C80A5F00F5542D /* Sources */,
				CE358D8821C80A5F00F5542D /* Frameworks */,
				CE358D8921C80A5F00F5542D /* Resources */,
			);
			buildRules = (
			);
			dependencies = (
			);
			name = Hitme;
			productName = Hitme;
			productReference = CE358D8B21C80A5F00F5542D /* Hitme.app */;
			productType = "com.apple.product-type.application";
		};
/* End PBXNativeTarget section */

/* Begin PBXProject section */
		CE358D8321C80A5F00F5542D /* Project object */ = {
			isa = PBXProject;
			attributes = {
				LastSwiftUpdateCheck = 1010;
				LastUpgradeCheck = 1010;
				ORGANIZATIONNAME = Fridrihco;
				TargetAttributes = {
					CE358D8A21C80A5F00F5542D = {
						CreatedOnToolsVersion = 10.1;
					};
				};
			};
			buildConfigurationList = CE358D8621C80A5F00F5542D /* Build configuration list for PBXProject "Hitme" */;
			compatibilityVersion = "Xcode 9.3";
			developmentRegion = en;
			hasScannedForEncodings = 0;
			knownRegions = (
				en,
				Base,
			);
			mainGroup = CE358D8221C80A5F00F5542D;
			productRefGroup = CE358D8C21C80A5F00F5542D /* Products */;
			projectDirPath = "";
			projectRoot = "";
			targets = (
				CE358D8A21C80A5F00F5542D /* Hitme */,
			);
		};
/* End PBXProject section */

/* Begin PBXResourcesBuildPhase section */
		CE358D8921C80A5F00F5542D /* Resources */ = {
			isa = PBXResourcesBuildPhase;
			buildActionMask = 2147483647;
			files = (
				CEFE741A21E7CB5B00EADEED /* Main.storyboard in Resources */,
				CE358D9921C80A6600F5542D /* LaunchScreen.storyboard in Resources */,
				CE358D9621C80A6600F5542D /* Assets.xcassets in Resources */,
			);
			runOnlyForDeploymentPostprocessing = 0;
		};
/* End PBXResourcesBuildPhase section */

/* Begin PBXSourcesBuildPhase section */
		CE358D8721C80A5F00F5542D /* Sources */ = {
			isa = PBXSourcesBuildPhase;
			buildActionMask = 2147483647;
			files = (
				CE10608021CBF5F200A00451 /* InfoViewController.swift in Sources */,
				CE358D9121C80A5F00F5542D /* GameViewController.swift in Sources */,
				CE358D8F21C80A5F00F5542D /* AppDelegate.swift in Sources */,
			);
			runOnlyForDeploymentPostprocessing = 0;
		};
/* End PBXSourcesBuildPhase section */

/* Begin PBXVariantGroup section */
		CE358D9221C80A5F00F5542D /* Main.storyboard */ = {
			isa = PBXVariantGroup;
			children = (
				CE358D9321C80A5F00F5542D /* Base */,
			);
			name = Main.storyboard;
			sourceTree = "<group>";
		};
		CE358D9721C80A6600F5542D /* LaunchScreen.storyboard */ = {
			isa = PBXVariantGroup;
			children = (
				CE358D9821C80A6600F5542D /* Base */,
			);
			name = LaunchScreen.storyboard;
			sourceTree = "<group>";
		};
/* End PBXVariantGroup section */

/* Begin XCBuildConfiguration section */
		CE358D9B21C80A6600F5542D /* Debug */ = {
			isa = XCBuildConfiguration;
			buildSettings = {
				ALWAYS_SEARCH_USER_PATHS = NO;
				CLANG_ANALYZER_NONNULL = YES;
				CLANG_ANALYZER_NUMBER_OBJECT_CONVERSION = YES_AGGRESSIVE;
				CLANG_CXX_LANGUAGE_STANDARD = "gnu++14";
				CLANG_CXX_LIBRARY = "libc++";
				CLANG_ENABLE_MODULES = YES;
				CLANG_ENABLE_OBJC_ARC = YES;
				CLANG_ENABLE_OBJC_WEAK = YES;
				CLANG_WARN_BLOCK_CAPTURE_AUTORELEASING = YES;
				CLANG_WARN_BOOL_CONVERSION = YES;
				CLANG_WARN_COMMA = YES;
				CLANG_WARN_CONSTANT_CONVERSION = YES;
				CLANG_WARN_DEPRECATED_OBJC_IMPLEMENTATIONS = YES;
				CLANG_WARN_DIRECT_OBJC_ISA_USAGE = YES_ERROR;
				CLANG_WARN_DOCUMENTATION_COMMENTS = YES;
				CLANG_WARN_EMPTY_BODY = YES;
				CLANG_WARN_ENUM_CONVERSION = YES;
				CLANG_WARN_INFINITE_RECURSION = YES;
				CLANG_WARN_INT_CONVERSION = YES;
				CLANG_WARN_NON_LITERAL_NULL_CONVERSION = YES;
				CLANG_WARN_OBJC_IMPLICIT_RETAIN_SELF = YES;
				CLANG_WARN_OBJC_LITERAL_CONVERSION = YES;
				CLANG_WARN_OBJC_ROOT_CLASS = YES_ERROR;
				CLANG_WARN_RANGE_LOOP_ANALYSIS = YES;
				CLANG_WARN_STRICT_PROTOTYPES = YES;
				CLANG_WARN_SUSPICIOUS_MOVE = YES;
				CLANG_WARN_UNGUARDED_AVAILABILITY = YES_AGGRESSIVE;
				CLANG_WARN_UNREACHABLE_CODE = YES;
				CLANG_WARN__DUPLICATE_METHOD_MATCH = YES;
				CODE_SIGN_IDENTITY = "iPhone Developer";
				COPY_PHASE_STRIP = NO;
				DEBUG_INFORMATION_FORMAT = dwarf;
				ENABLE_STRICT_OBJC_MSGSEND = YES;
				ENABLE_TESTABILITY = YES;
				GCC_C_LANGUAGE_STANDARD = gnu11;
				GCC_DYNAMIC_NO_PIC = NO;
				GCC_NO_COMMON_BLOCKS = YES;
				GCC_OPTIMIZATION_LEVEL = 0;
				GCC_PREPROCESSOR_DEFINITIONS = (
					"DEBUG=1",
					"$(inherited)",
				);
				GCC_WARN_64_TO_32_BIT_CONVERSION = YES;
				GCC_WARN_ABOUT_RETURN_TYPE = YES_ERROR;
				GCC_WARN_UNDECLARED_SELECTOR = YES;
				GCC_WARN_UNINITIALIZED_AUTOS = YES_AGGRESSIVE;
				GCC_WARN_UNUSED_FUNCTION = YES;
				GCC_WARN_UNUSED_VARIABLE = YES;
				IPHONEOS_DEPLOYMENT_TARGET = 12.1;
				MTL_ENABLE_DEBUG_INFO = INCLUDE_SOURCE;
				MTL_FAST_MATH = YES;
				ONLY_ACTIVE_ARCH = YES;
				SDKROOT = iphoneos;
				SWIFT_ACTIVE_COMPILATION_CONDITIONS = DEBUG;
				SWIFT_OPTIMIZATION_LEVEL = "-Onone";
			};
			name = Debug;
		};
		CE358D9C21C80A6600F5542D /* Release */ = {
			isa = XCBuildConfiguration;
			buildSettings = {
				ALWAYS_SEARCH_USER_PATHS = NO;
				CLANG_ANALYZER_NONNULL = YES;
				CLANG_ANALYZER_NUMBER_OBJECT_CONVERSION = YES_AGGRESSIVE;
				CLANG_CXX_LANGUAGE_STANDARD = "gnu++14";
				CLANG_CXX_LIBRARY = "libc++";
				CLANG_ENABLE_MODULES = YES;
				CLANG_ENABLE_OBJC_ARC = YES;
				CLANG_ENABLE_OBJC_WEAK = YES;
				CLANG_WARN_BLOCK_CAPTURE_AUTORELEASING = YES;
				CLANG_WARN_BOOL_CONVERSION = YES;
				CLANG_WARN_COMMA = YES;
				CLANG_WARN_CONSTANT_CONVERSION = YES;
				CLANG_WARN_DEPRECATED_OBJC_IMPLEMENTATIONS = YES;
				CLANG_WARN_DIRECT_OBJC_ISA_USAGE = YES_ERROR;
				CLANG_WARN_DOCUMENTATION_COMMENTS = YES;
				CLANG_WARN_EMPTY_BODY = YES;
				CLANG_WARN_ENUM_CONVERSION = YES;
				CLANG_WARN_INFINITE_RECURSION = YES;
				CLANG_WARN_INT_CONVERSION = YES;
				CLANG_WARN_NON_LITERAL_NULL_CONVERSION = YES;
				CLANG_WARN_OBJC_IMPLICIT_RETAIN_SELF = YES;
				CLANG_WARN_OBJC_LITERAL_CONVERSION = YES;
				CLANG_WARN_OBJC_ROOT_CLASS = YES_ERROR;
				CLANG_WARN_RANGE_LOOP_ANALYSIS = YES;
				CLANG_WARN_STRICT_PROTOTYPES = YES;
				CLANG_WARN_SUSPICIOUS_MOVE = YES;
				CLANG_WARN_UNGUARDED_AVAILABILITY = YES_AGGRESSIVE;
				CLANG_WARN_UNREACHABLE_CODE = YES;
				CLANG_WARN__DUPLICATE_METHOD_MATCH = YES;
				CODE_SIGN_IDENTITY = "iPhone Developer";
				COPY_PHASE_STRIP = NO;
				DEBUG_INFORMATION_FORMAT = "dwarf-with-dsym";
				ENABLE_NS_ASSERTIONS = NO;
				ENABLE_STRICT_OBJC_MSGSEND = YES;
				GCC_C_LANGUAGE_STANDARD = gnu11;
				GCC_NO_COMMON_BLOCKS = YES;
				GCC_WARN_64_TO_32_BIT_CONVERSION = YES;
				GCC_WARN_ABOUT_RETURN_TYPE = YES_ERROR;
				GCC_WARN_UNDECLARED_SELECTOR = YES;
				GCC_WARN_UNINITIALIZED_AUTOS = YES_AGGRESSIVE;
				GCC_WARN_UNUSED_FUNCTION = YES;
				GCC_WARN_UNUSED_VARIABLE = YES;
				IPHONEOS_DEPLOYMENT_TARGET = 12.1;
				MTL_ENABLE_DEBUG_INFO = NO;
				MTL_FAST_MATH = YES;
				SDKROOT = iphoneos;
				SWIFT_COMPILATION_MODE = wholemodule;
				SWIFT_OPTIMIZATION_LEVEL = "-O";
				VALIDATE_PRODUCT = YES;
			};
			name = Release;
		};
		CE358D9E21C80A6600F5542D /* Debug */ = {
			isa = XCBuildConfiguration;
			buildSettings = {
				ASSETCATALOG_COMPILER_APPICON_NAME = AppIcon;
				CODE_SIGN_STYLE = Automatic;
				DEVELOPMENT_TEAM = VFS6P77849;
				INFOPLIST_FILE = Hitme/Info.plist;
				LD_RUNPATH_SEARCH_PATHS = (
					"$(inherited)",
					"@executable_path/Frameworks",
				);
				PRODUCT_BUNDLE_IDENTIFIER = Minsk.Hitme;
				PRODUCT_NAME = "$(TARGET_NAME)";
				SWIFT_VERSION = 4.2;
				TARGETED_DEVICE_FAMILY = 1;
			};
			name = Debug;
		};
		CE358D9F21C80A6600F5542D /* Release */ = {
			isa = XCBuildConfiguration;
			buildSettings = {
				ASSETCATALOG_COMPILER_APPICON_NAME = AppIcon;
				CODE_SIGN_STYLE = Automatic;
				DEVELOPMENT_TEAM = VFS6P77849;
				INFOPLIST_FILE = Hitme/Info.plist;
				LD_RUNPATH_SEARCH_PATHS = (
					"$(inherited)",
					"@executable_path/Frameworks",
				);
				PRODUCT_BUNDLE_IDENTIFIER = Minsk.Hitme;
				PRODUCT_NAME = "$(TARGET_NAME)";
				SWIFT_VERSION = 4.2;
				TARGETED_DEVICE_FAMILY = 1;
			};
			name = Release;
		};
/* End XCBuildConfiguration section */

/* Begin XCConfigurationList section */
		CE358D8621C80A5F00F5542D /* Build configuration list for PBXProject "Hitme" */ = {
			isa = XCConfigurationList;
			buildConfigurations = (
				CE358D9B21C80A6600F5542D /* Debug */,
				CE358D9C21C80A6600F5542D /* Release */,
			);
			defaultConfigurationIsVisible = 0;
			defaultConfigurationName = Release;
		};
		CE358D9D21C80A6600F5542D /* Build configuration list for PBXNativeTarget "Hitme" */ = {
			isa = XCConfigurationList;
			buildConfigurations = (
				CE358D9E21C80A6600F5542D /* Debug */,
				CE358D9F21C80A6600F5542D /* Release */,
			);
			defaultConfigurationIsVisible = 0;
			defaultConfigurationName = Release;
		};
/* End XCConfigurationList section */
	};
	rootObject = CE358D8321C80A5F00F5542D /* Project object */;
}
